
Microsoft Visual Studio Solution File, Format Version 12.00
# Visual Studio Version 17
VisualStudioVersion = 17.2.32519.379
MinimumVisualStudioVersion = 10.0.40219.1
Project("{FAE04EC0-301F-11D3-BF4B-00C04F79EFBC}") = "BinarySearchTreeProb", "BinarySearchTreeProb\BinarySearchTreeProb.csproj", "{40241313-0108-477A-93F6-5B607FA75514}"
EndProject
Global
	GlobalSection(SolutionConfigurationPlatforms) = preSolution
		Debug|Any CPU = Debug|Any CPU
		Release|Any CPU = Release|Any CPU
	EndGlobalSection
	GlobalSection(ProjectConfigurationPlatforms) = postSolution
		{40241313-0108-477A-93F6-5B607FA75514}.Debug|Any CPU.ActiveCfg = Debug|Any CPU
		{40241313-0108-477A-93F6-5B607FA75514}.Debug|Any CPU.Build.0 = Debug|Any CPU
		{40241313-0108-477A-93F6-5B607FA75514}.Release|Any CPU.ActiveCfg = Release|Any CPU
		{40241313-0108-477A-93F6-5B607FA75514}.Release|Any CPU.Build.0 = Release|Any CPU
	EndGlobalSection
	GlobalSection(SolutionProperties) = preSolution
		HideSolutionNode = FALSE
	EndGlobalSection
	GlobalSection(ExtensibilityGlobals) = postSolution
		SolutionGuid = {5BFE8D27-BC2F-4337-AEC8-05C0BF3A5D27}
	EndGlobalSection
EndGlobal
